// !$*UTF8*$!
{
	archiveVersion = 1;
	classes = {
	};
	objectVersion = 48;
	objects = {

/* Begin PBXBuildFile section */
		AE6F4F0D1F92DB280085EFB1 /* AppDelegate.swift in Sources */ = {isa = PBXBuildFile; fileRef = AE6F4F0C1F92DB280085EFB1 /* AppDelegate.swift */; };
		AE6F4F0F1F92DB280085EFB1 /* ViewController.swift in Sources */ = {isa = PBXBuildFile; fileRef = AE6F4F0E1F92DB280085EFB1 /* ViewController.swift */; };
		AE6F4F121F92DB280085EFB1 /* Main.storyboard in Resources */ = {isa = PBXBuildFile; fileRef = AE6F4F101F92DB280085EFB1 /* Main.storyboard */; };
		AE6F4F141F92DB280085EFB1 /* Assets.xcassets in Resources */ = {isa = PBXBuildFile; fileRef = AE6F4F131F92DB280085EFB1 /* Assets.xcassets */; };
		AE6F4F171F92DB280085EFB1 /* LaunchScreen.storyboard in Resources */ = {isa = PBXBuildFile; fileRef = AE6F4F151F92DB280085EFB1 /* LaunchScreen.storyboard */; };
		AE6F4F221F92DB280085EFB1 /* todosTests.swift in Sources */ = {isa = PBXBuildFile; fileRef = AE6F4F211F92DB280085EFB1 /* todosTests.swift */; };
		AE6F4F2D1F92DB280085EFB1 /* todosUITests.swift in Sources */ = {isa = PBXBuildFile; fileRef = AE6F4F2C1F92DB280085EFB1 /* todosUITests.swift */; };
		AED8271F1F951D3F0051C3BB /* MyTodo.swift in Sources */ = {isa = PBXBuildFile; fileRef = AED8271E1F951D3F0051C3BB /* MyTodo.swift */; };
/* End PBXBuildFile section */

/* Begin PBXContainerItemProxy section */
		AE6F4F1E1F92DB280085EFB1 /* PBXContainerItemProxy */ = {
			isa = PBXContainerItemProxy;
			containerPortal = AE6F4F011F92DB280085EFB1 /* Project object */;
			proxyType = 1;
			remoteGlobalIDString = AE6F4F081F92DB280085EFB1;
			remoteInfo = todos;
		};
		AE6F4F291F92DB280085EFB1 /* PBXContainerItemProxy */ = {
			isa = PBXContainerItemProxy;
			containerPortal = AE6F4F011F92DB280085EFB1 /* Project object */;
			proxyType = 1;
			remoteGlobalIDString = AE6F4F081F92DB280085EFB1;
			remoteInfo = todos;
		};
/* End PBXContainerItemProxy section */

/* Begin PBXFileReference section */
		AE6F4F091F92DB280085EFB1 /* todos.app */ = {isa = PBXFileReference; explicitFileType = wrapper.application; includeInIndex = 0; path = todos.app; sourceTree = BUILT_PRODUCTS_DIR; };
		AE6F4F0C1F92DB280085EFB1 /* AppDelegate.swift */ = {isa = PBXFileReference; lastKnownFileType = sourcecode.swift; path = AppDelegate.swift; sourceTree = "<group>"; };
		AE6F4F0E1F92DB280085EFB1 /* ViewController.swift */ = {isa = PBXFileReference; lastKnownFileType = sourcecode.swift; path = ViewController.swift; sourceTree = "<group>"; };
		AE6F4F111F92DB280085EFB1 /* Base */ = {isa = PBXFileReference; lastKnownFileType = file.storyboard; name = Base; path = Base.lproj/Main.storyboard; sourceTree = "<group>"; };
		AE6F4F131F92DB280085EFB1 /* Assets.xcassets */ = {isa = PBXFileReference; lastKnownFileType = folder.assetcatalog; path = Assets.xcassets; sourceTree = "<group>"; };
		AE6F4F161F92DB280085EFB1 /* Base */ = {isa = PBXFileReference; lastKnownFileType = file.storyboard; name = Base; path = Base.lproj/LaunchScreen.storyboard; sourceTree = "<group>"; };
		AE6F4F181F92DB280085EFB1 /* Info.plist */ = {isa = PBXFileReference; lastKnownFileType = text.plist.xml; path = Info.plist; sourceTree = "<group>"; };
		AE6F4F1D1F92DB280085EFB1 /* todosTests.xctest */ = {isa = PBXFileReference; explicitFileType = wrapper.cfbundle; includeInIndex = 0; path = todosTests.xctest; sourceTree = BUILT_PRODUCTS_DIR; };
		AE6F4F211F92DB280085EFB1 /* todosTests.swift */ = {isa = PBXFileReference; lastKnownFileType = sourcecode.swift; path = todosTests.swift; sourceTree = "<group>"; };
		AE6F4F231F92DB280085EFB1 /* Info.plist */ = {isa = PBXFileReference; lastKnownFileType = text.plist.xml; path = Info.plist; sourceTree = "<group>"; };
		AE6F4F281F92DB280085EFB1 /* todosUITests.xctest */ = {isa = PBXFileReference; explicitFileType = wrapper.cfbundle; includeInIndex = 0; path = todosUITests.xctest; sourceTree = BUILT_PRODUCTS_DIR; };
		AE6F4F2C1F92DB280085EFB1 /* todosUITests.swift */ = {isa = PBXFileReference; lastKnownFileType = sourcecode.swift; path = todosUITests.swift; sourceTree = "<group>"; };
		AE6F4F2E1F92DB280085EFB1 /* Info.plist */ = {isa = PBXFileReference; lastKnownFileType = text.plist.xml; path = Info.plist; sourceTree = "<group>"; };
		AED8271E1F951D3F0051C3BB /* MyTodo.swift */ = {isa = PBXFileReference; lastKnownFileType = sourcecode.swift; path = MyTodo.swift; sourceTree = "<group>"; };
/* End PBXFileReference section */

/* Begin PBXFrameworksBuildPhase section */
		AE6F4F061F92DB280085EFB1 /* Frameworks */ = {
			isa = PBXFrameworksBuildPhase;
			buildActionMask = 2147483647;
			files = (
			);
			runOnlyForDeploymentPostprocessing = 0;
		};
		AE6F4F1A1F92DB280085EFB1 /* Frameworks */ = {
			isa = PBXFrameworksBuildPhase;
			buildActionMask = 2147483647;
			files = (
			);
			runOnlyForDeploymentPostprocessing = 0;
		};
		AE6F4F251F92DB280085EFB1 /* Frameworks */ = {
			isa = PBXFrameworksBuildPhase;
			buildActionMask = 2147483647;
			files = (
			);
			runOnlyForDeploymentPostprocessing = 0;
		};
/* End PBXFrameworksBuildPhase section */

/* Begin PBXGroup section */
		AE6F4F001F92DB280085EFB1 = {
			isa = PBXGroup;
			children = (
				AE6F4F0B1F92DB280085EFB1 /* todos */,
				AE6F4F201F92DB280085EFB1 /* todosTests */,
				AE6F4F2B1F92DB280085EFB1 /* todosUITests */,
				AE6F4F0A1F92DB280085EFB1 /* Products */,
			);
			sourceTree = "<group>";
		};
		AE6F4F0A1F92DB280085EFB1 /* Products */ = {
			isa = PBXGroup;
			children = (
				AE6F4F091F92DB280085EFB1 /* todos.app */,
				AE6F4F1D1F92DB280085EFB1 /* todosTests.xctest */,
				AE6F4F281F92DB280085EFB1 /* todosUITests.xctest */,
			);
			name = Products;
			sourceTree = "<group>";
		};
		AE6F4F0B1F92DB280085EFB1 /* todos */ = {
			isa = PBXGroup;
			children = (
				AE6F4F0C1F92DB280085EFB1 /* AppDelegate.swift */,
				AE6F4F0E1F92DB280085EFB1 /* ViewController.swift */,
				AE6F4F101F92DB280085EFB1 /* Main.storyboard */,
				AE6F4F131F92DB280085EFB1 /* Assets.xcassets */,
				AE6F4F151F92DB280085EFB1 /* LaunchScreen.storyboard */,
				AE6F4F181F92DB280085EFB1 /* Info.plist */,
				AED8271E1F951D3F0051C3BB /* MyTodo.swift */,
			);
			path = todos;
			sourceTree = "<group>";
		};
		AE6F4F201F92DB280085EFB1 /* todosTests */ = {
			isa = PBXGroup;
			children = (
				AE6F4F211F92DB280085EFB1 /* todosTests.swift */,
				AE6F4F231F92DB280085EFB1 /* Info.plist */,
			);
			path = todosTests;
			sourceTree = "<group>";
		};
		AE6F4F2B1F92DB280085EFB1 /* todosUITests */ = {
			isa = PBXGroup;
			children = (
				AE6F4F2C1F92DB280085EFB1 /* todosUITests.swift */,
				AE6F4F2E1F92DB280085EFB1 /* Info.plist */,
			);
			path = todosUITests;
			sourceTree = "<group>";
		};
/* End PBXGroup section */

/* Begin PBXNativeTarget section */
		AE6F4F081F92DB280085EFB1 /* todos */ = {
			isa = PBXNativeTarget;
			buildConfigurationList = AE6F4F311F92DB280085EFB1 /* Build configuration list for PBXNativeTarget "todos" */;
			buildPhases = (
				AE6F4F051F92DB280085EFB1 /* Sources */,
				AE6F4F061F92DB280085EFB1 /* Frameworks */,
				AE6F4F071F92DB280085EFB1 /* Resources */,
			);
			buildRules = (
			);
			dependencies = (
			);
			name = todos;
			productName = todos;
			productReference = AE6F4F091F92DB280085EFB1 /* todos.app */;
			productType = "com.apple.product-type.application";
		};
		AE6F4F1C1F92DB280085EFB1 /* todosTests */ = {
			isa = PBXNativeTarget;
			buildConfigurationList = AE6F4F341F92DB280085EFB1 /* Build configuration list for PBXNativeTarget "todosTests" */;
			buildPhases = (
				AE6F4F191F92DB280085EFB1 /* Sources */,
				AE6F4F1A1F92DB280085EFB1 /* Frameworks */,
				AE6F4F1B1F92DB280085EFB1 /* Resources */,
			);
			buildRules = (
			);
			dependencies = (
				AE6F4F1F1F92DB280085EFB1 /* PBXTargetDependency */,
			);
			name = todosTests;
			productName = todosTests;
			productReference = AE6F4F1D1F92DB280085EFB1 /* todosTests.xctest */;
			productType = "com.apple.product-type.bundle.unit-test";
		};
		AE6F4F271F92DB280085EFB1 /* todosUITests */ = {
			isa = PBXNativeTarget;
			buildConfigurationList = AE6F4F371F92DB280085EFB1 /* Build configuration list for PBXNativeTarget "todosUITests" */;
			buildPhases = (
				AE6F4F241F92DB280085EFB1 /* Sources */,
				AE6F4F251F92DB280085EFB1 /* Frameworks */,
				AE6F4F261F92DB280085EFB1 /* Resources */,
			);
			buildRules = (
			);
			dependencies = (
				AE6F4F2A1F92DB280085EFB1 /* PBXTargetDependency */,
			);
			name = todosUITests;
			productName = todosUITests;
			productReference = AE6F4F281F92DB280085EFB1 /* todosUITests.xctest */;
			productType = "com.apple.product-type.bundle.ui-testing";
		};
/* End PBXNativeTarget section */

/* Begin PBXProject section */
		AE6F4F011F92DB280085EFB1 /* Project object */ = {
			isa = PBXProject;
			attributes = {
				LastSwiftUpdateCheck = 0900;
				LastUpgradeCheck = 0900;
				ORGANIZATIONNAME = "Craig Wendel";
				TargetAttributes = {
					AE6F4F081F92DB280085EFB1 = {
						CreatedOnToolsVersion = 9.0;
						ProvisioningStyle = Automatic;
					};
					AE6F4F1C1F92DB280085EFB1 = {
						CreatedOnToolsVersion = 9.0;
						ProvisioningStyle = Automatic;
						TestTargetID = AE6F4F081F92DB280085EFB1;
					};
					AE6F4F271F92DB280085EFB1 = {
						CreatedOnToolsVersion = 9.0;
						ProvisioningStyle = Automatic;
						TestTargetID = AE6F4F081F92DB280085EFB1;
					};
				};
			};
			buildConfigurationList = AE6F4F041F92DB280085EFB1 /* Build configuration list for PBXProject "todos" */;
			compatibilityVersion = "Xcode 8.0";
			developmentRegion = en;
			hasScannedForEncodings = 0;
			knownRegions = (
				en,
				Base,
			);
			mainGroup = AE6F4F001F92DB280085EFB1;
			productRefGroup = AE6F4F0A1F92DB280085EFB1 /* Products */;
			projectDirPath = "";
			projectRoot = "";
			targets = (
				AE6F4F081F92DB280085EFB1 /* todos */,
				AE6F4F1C1F92DB280085EFB1 /* todosTests */,
				AE6F4F271F92DB280085EFB1 /* todosUITests */,
			);
		};
/* End PBXProject section */

/* Begin PBXResourcesBuildPhase section */
		AE6F4F071F92DB280085EFB1 /* Resources */ = {
			isa = PBXResourcesBuildPhase;
			buildActionMask = 2147483647;
			files = (
				AE6F4F171F92DB280085EFB1 /* LaunchScreen.storyboard in Resources */,
				AE6F4F141F92DB280085EFB1 /* Assets.xcassets in Resources */,
				AE6F4F121F92DB280085EFB1 /* Main.storyboard in Resources */,
			);
			runOnlyForDeploymentPostprocessing = 0;
		};
		AE6F4F1B1F92DB280085EFB1 /* Resources */ = {
			isa = PBXResourcesBuildPhase;
			buildActionMask = 2147483647;
			files = (
			);
			runOnlyForDeploymentPostprocessing = 0;
		};
		AE6F4F261F92DB280085EFB1 /* Resources */ = {
			isa = PBXResourcesBuildPhase;
			buildActionMask = 2147483647;
			files = (
			);
			runOnlyForDeploymentPostprocessing = 0;
		};
/* End PBXResourcesBuildPhase section */

/* Begin PBXSourcesBuildPhase section */
		AE6F4F051F92DB280085EFB1 /* Sources */ = {
			isa = PBXSourcesBuildPhase;
			buildActionMask = 2147483647;
			files = (
				AE6F4F0F1F92DB280085EFB1 /* ViewController.swift in Sources */,
				AED8271F1F951D3F0051C3BB /* MyTodo.swift in Sources */,
				AE6F4F0D1F92DB280085EFB1 /* AppDelegate.swift in Sources */,
			);
			runOnlyForDeploymentPostprocessing = 0;
		};
		AE6F4F191F92DB280085EFB1 /* Sources */ = {
			isa = PBXSourcesBuildPhase;
			buildActionMask = 2147483647;
			files = (
				AE6F4F221F92DB280085EFB1 /* todosTests.swift in Sources */,
			);
			runOnlyForDeploymentPostprocessing = 0;
		};
		AE6F4F241F92DB280085EFB1 /* Sources */ = {
			isa = PBXSourcesBuildPhase;
			buildActionMask = 2147483647;
			files = (
				AE6F4F2D1F92DB280085EFB1 /* todosUITests.swift in Sources */,
			);
			runOnlyForDeploymentPostprocessing = 0;
		};
/* End PBXSourcesBuildPhase section */

/* Begin PBXTargetDependency section */
		AE6F4F1F1F92DB280085EFB1 /* PBXTargetDependency */ = {
			isa = PBXTargetDependency;
			target = AE6F4F081F92DB280085EFB1 /* todos */;
			targetProxy = AE6F4F1E1F92DB280085EFB1 /* PBXContainerItemProxy */;
		};
		AE6F4F2A1F92DB280085EFB1 /* PBXTargetDependency */ = {
			isa = PBXTargetDependency;
			target = AE6F4F081F92DB280085EFB1 /* todos */;
			targetProxy = AE6F4F291F92DB280085EFB1 /* PBXContainerItemProxy */;
		};
/* End PBXTargetDependency section */

/* Begin PBXVariantGroup section */
		AE6F4F101F92DB280085EFB1 /* Main.storyboard */ = {
			isa = PBXVariantGroup;
			children = (
				AE6F4F111F92DB280085EFB1 /* Base */,
			);
			name = Main.storyboard;
			sourceTree = "<group>";
		};
		AE6F4F151F92DB280085EFB1 /* LaunchScreen.storyboard */ = {
			isa = PBXVariantGroup;
			children = (
				AE6F4F161F92DB280085EFB1 /* Base */,
			);
			name = LaunchScreen.storyboard;
			sourceTree = "<group>";
		};
/* End PBXVariantGroup section */

/* Begin XCBuildConfiguration section */
		AE6F4F2F1F92DB280085EFB1 /* Debug */ = {
			isa = XCBuildConfiguration;
			buildSettings = {
				ALWAYS_SEARCH_USER_PATHS = NO;
				CLANG_ANALYZER_NONNULL = YES;
				CLANG_ANALYZER_NUMBER_OBJECT_CONVERSION = YES_AGGRESSIVE;
				CLANG_CXX_LANGUAGE_STANDARD = "gnu++14";
				CLANG_CXX_LIBRARY = "libc++";
				CLANG_ENABLE_MODULES = YES;
				CLANG_ENABLE_OBJC_ARC = YES;
				CLANG_WARN_BLOCK_CAPTURE_AUTORELEASING = YES;
				CLANG_WARN_BOOL_CONVERSION = YES;
				CLANG_WARN_COMMA = YES;
				CLANG_WARN_CONSTANT_CONVERSION = YES;
				CLANG_WARN_DIRECT_OBJC_ISA_USAGE = YES_ERROR;
				CLANG_WARN_DOCUMENTATION_COMMENTS = YES;
				CLANG_WARN_EMPTY_BODY = YES;
				CLANG_WARN_ENUM_CONVERSION = YES;
				CLANG_WARN_INFINITE_RECURSION = YES;
				CLANG_WARN_INT_CONVERSION = YES;
				CLANG_WARN_NON_LITERAL_NULL_CONVERSION = YES;
				CLANG_WARN_OBJC_LITERAL_CONVERSION = YES;
				CLANG_WARN_OBJC_ROOT_CLASS = YES_ERROR;
				CLANG_WARN_RANGE_LOOP_ANALYSIS = YES;
				CLANG_WARN_STRICT_PROTOTYPES = YES;
				CLANG_WARN_SUSPICIOUS_MOVE = YES;
				CLANG_WARN_UNGUARDED_AVAILABILITY = YES_AGGRESSIVE;
				CLANG_WARN_UNREACHABLE_CODE = YES;
				CLANG_WARN__DUPLICATE_METHOD_MATCH = YES;
				CODE_SIGN_IDENTITY = "iPhone Developer";
				COPY_PHASE_STRIP = NO;
				DEBUG_INFORMATION_FORMAT = dwarf;
				ENABLE_STRICT_OBJC_MSGSEND = YES;
				ENABLE_TESTABILITY = YES;
				GCC_C_LANGUAGE_STANDARD = gnu11;
				GCC_DYNAMIC_NO_PIC = NO;
				GCC_NO_COMMON_BLOCKS = YES;
				GCC_OPTIMIZATION_LEVEL = 0;
				GCC_PREPROCESSOR_DEFINITIONS = (
					"DEBUG=1",
					"$(inherited)",
				);
				GCC_WARN_64_TO_32_BIT_CONVERSION = YES;
				GCC_WARN_ABOUT_RETURN_TYPE = YES_ERROR;
				GCC_WARN_UNDECLARED_SELECTOR = YES;
				GCC_WARN_UNINITIALIZED_AUTOS = YES_AGGRESSIVE;
				GCC_WARN_UNUSED_FUNCTION = YES;
				GCC_WARN_UNUSED_VARIABLE = YES;
				IPHONEOS_DEPLOYMENT_TARGET = 11.0;
				MTL_ENABLE_DEBUG_INFO = YES;
				ONLY_ACTIVE_ARCH = YES;
				SDKROOT = iphoneos;
				SWIFT_ACTIVE_COMPILATION_CONDITIONS = DEBUG;
				SWIFT_OPTIMIZATION_LEVEL = "-Onone";
			};
			name = Debug;
		};
		AE6F4F301F92DB280085EFB1 /* Release */ = {
			isa = XCBuildConfiguration;
			buildSettings = {
				ALWAYS_SEARCH_USER_PATHS = NO;
				CLANG_ANALYZER_NONNULL = YES;
				CLANG_ANALYZER_NUMBER_OBJECT_CONVERSION = YES_AGGRESSIVE;
				CLANG_CXX_LANGUAGE_STANDARD = "gnu++14";
				CLANG_CXX_LIBRARY = "libc++";
				CLANG_ENABLE_MODULES = YES;
				CLANG_ENABLE_OBJC_ARC = YES;
				CLANG_WARN_BLOCK_CAPTURE_AUTORELEASING = YES;
				CLANG_WARN_BOOL_CONVERSION = YES;
				CLANG_WARN_COMMA = YES;
				CLANG_WARN_CONSTANT_CONVERSION = YES;
				CLANG_WARN_DIRECT_OBJC_ISA_USAGE = YES_ERROR;
				CLANG_WARN_DOCUMENTATION_COMMENTS = YES;
				CLANG_WARN_EMPTY_BODY = YES;
				CLANG_WARN_ENUM_CONVERSION = YES;
				CLANG_WARN_INFINITE_RECURSION = YES;
				CLANG_WARN_INT_CONVERSION = YES;
				CLANG_WARN_NON_LITERAL_NULL_CONVERSION = YES;
				CLANG_WARN_OBJC_LITERAL_CONVERSION = YES;
				CLANG_WARN_OBJC_ROOT_CLASS = YES_ERROR;
				CLANG_WARN_RANGE_LOOP_ANALYSIS = YES;
				CLANG_WARN_STRICT_PROTOTYPES = YES;
				CLANG_WARN_SUSPICIOUS_MOVE = YES;
				CLANG_WARN_UNGUARDED_AVAILABILITY = YES_AGGRESSIVE;
				CLANG_WARN_UNREACHABLE_CODE = YES;
				CLANG_WARN__DUPLICATE_METHOD_MATCH = YES;
				CODE_SIGN_IDENTITY = "iPhone Developer";
				COPY_PHASE_STRIP = NO;
				DEBUG_INFORMATION_FORMAT = "dwarf-with-dsym";
				ENABLE_NS_ASSERTIONS = NO;
				ENABLE_STRICT_OBJC_MSGSEND = YES;
				GCC_C_LANGUAGE_STANDARD = gnu11;
				GCC_NO_COMMON_BLOCKS = YES;
				GCC_WARN_64_TO_32_BIT_CONVERSION = YES;
				GCC_WARN_ABOUT_RETURN_TYPE = YES_ERROR;
				GCC_WARN_UNDECLARED_SELECTOR = YES;
				GCC_WARN_UNINITIALIZED_AUTOS = YES_AGGRESSIVE;
				GCC_WARN_UNUSED_FUNCTION = YES;
				GCC_WARN_UNUSED_VARIABLE = YES;
				IPHONEOS_DEPLOYMENT_TARGET = 11.0;
				MTL_ENABLE_DEBUG_INFO = NO;
				SDKROOT = iphoneos;
				SWIFT_OPTIMIZATION_LEVEL = "-Owholemodule";
				VALIDATE_PRODUCT = YES;
			};
			name = Release;
		};
		AE6F4F321F92DB280085EFB1 /* Debug */ = {
			isa = XCBuildConfiguration;
			buildSettings = {
				ASSETCATALOG_COMPILER_APPICON_NAME = AppIcon;
				CODE_SIGN_STYLE = Automatic;
				DEVELOPMENT_TEAM = Z8KJZ7UPHY;
				INFOPLIST_FILE = todos/Info.plist;
				LD_RUNPATH_SEARCH_PATHS = "$(inherited) @executable_path/Frameworks";
				PRODUCT_BUNDLE_IDENTIFIER = craigwendel.todos;
				PRODUCT_NAME = "$(TARGET_NAME)";
				SWIFT_VERSION = 4.0;
				TARGETED_DEVICE_FAMILY = "1,2";
			};
			name = Debug;
		};
		AE6F4F331F92DB280085EFB1 /* Release */ = {
			isa = XCBuildConfiguration;
			buildSettings = {
				ASSETCATALOG_COMPILER_APPICON_NAME = AppIcon;
				CODE_SIGN_STYLE = Automatic;
				DEVELOPMENT_TEAM = Z8KJZ7UPHY;
				INFOPLIST_FILE = todos/Info.plist;
				LD_RUNPATH_SEARCH_PATHS = "$(inherited) @executable_path/Frameworks";
				PRODUCT_BUNDLE_IDENTIFIER = craigwendel.todos;
				PRODUCT_NAME = "$(TARGET_NAME)";
				SWIFT_VERSION = 4.0;
				TARGETED_DEVICE_FAMILY = "1,2";
			};
			name = Release;
		};
		AE6F4F351F92DB280085EFB1 /* Debug */ = {
			isa = XCBuildConfiguration;
			buildSettings = {
				ALWAYS_EMBED_SWIFT_STANDARD_LIBRARIES = YES;
				BUNDLE_LOADER = "$(TEST_HOST)";
				CODE_SIGN_STYLE = Automatic;
				DEVELOPMENT_TEAM = Z8KJZ7UPHY;
				INFOPLIST_FILE = todosTests/Info.plist;
				LD_RUNPATH_SEARCH_PATHS = "$(inherited) @executable_path/Frameworks @loader_path/Frameworks";
				PRODUCT_BUNDLE_IDENTIFIER = craigwendel.todosTests;
				PRODUCT_NAME = "$(TARGET_NAME)";
				SWIFT_VERSION = 4.0;
				TARGETED_DEVICE_FAMILY = "1,2";
				TEST_HOST = "$(BUILT_PRODUCTS_DIR)/todos.app/todos";
			};
			name = Debug;
		};
		AE6F4F361F92DB280085EFB1 /* Release */ = {
			isa = XCBuildConfiguration;
			buildSettings = {
				ALWAYS_EMBED_SWIFT_STANDARD_LIBRARIES = YES;
				BUNDLE_LOADER = "$(TEST_HOST)";
				CODE_SIGN_STYLE = Automatic;
				DEVELOPMENT_TEAM = Z8KJZ7UPHY;
				INFOPLIST_FILE = todosTests/Info.plist;
				LD_RUNPATH_SEARCH_PATHS = "$(inherited) @executable_path/Frameworks @loader_path/Frameworks";
				PRODUCT_BUNDLE_IDENTIFIER = craigwendel.todosTests;
				PRODUCT_NAME = "$(TARGET_NAME)";
				SWIFT_VERSION = 4.0;
				TARGETED_DEVICE_FAMILY = "1,2";
				TEST_HOST = "$(BUILT_PRODUCTS_DIR)/todos.app/todos";
			};
			name = Release;
		};
		AE6F4F381F92DB280085EFB1 /* Debug */ = {
			isa = XCBuildConfiguration;
			buildSettings = {
				ALWAYS_EMBED_SWIFT_STANDARD_LIBRARIES = YES;
				CODE_SIGN_STYLE = Automatic;
				DEVELOPMENT_TEAM = Z8KJZ7UPHY;
				INFOPLIST_FILE = todosUITests/Info.plist;
				LD_RUNPATH_SEARCH_PATHS = "$(inherited) @executable_path/Frameworks @loader_path/Frameworks";
				PRODUCT_BUNDLE_IDENTIFIER = craigwendel.todosUITests;
				PRODUCT_NAME = "$(TARGET_NAME)";
				SWIFT_VERSION = 4.0;
				TARGETED_DEVICE_FAMILY = "1,2";
				TEST_TARGET_NAME = todos;
			};
			name = Debug;
		};
		AE6F4F391F92DB280085EFB1 /* Release */ = {
			isa = XCBuildConfiguration;
			buildSettings = {
				ALWAYS_EMBED_SWIFT_STANDARD_LIBRARIES = YES;
				CODE_SIGN_STYLE = Automatic;
				DEVELOPMENT_TEAM = Z8KJZ7UPHY;
				INFOPLIST_FILE = todosUITests/Info.plist;
				LD_RUNPATH_SEARCH_PATHS = "$(inherited) @executable_path/Frameworks @loader_path/Frameworks";
				PRODUCT_BUNDLE_IDENTIFIER = craigwendel.todosUITests;
				PRODUCT_NAME = "$(TARGET_NAME)";
				SWIFT_VERSION = 4.0;
				TARGETED_DEVICE_FAMILY = "1,2";
				TEST_TARGET_NAME = todos;
			};
			name = Release;
		};
/* End XCBuildConfiguration section */

/* Begin XCConfigurationList section */
		AE6F4F041F92DB280085EFB1 /* Build configuration list for PBXProject "todos" */ = {
			isa = XCConfigurationList;
			buildConfigurations = (
				AE6F4F2F1F92DB280085EFB1 /* Debug */,
				AE6F4F301F92DB280085EFB1 /* Release */,
			);
			defaultConfigurationIsVisible = 0;
			defaultConfigurationName = Release;
		};
		AE6F4F311F92DB280085EFB1 /* Build configuration list for PBXNativeTarget "todos" */ = {
			isa = XCConfigurationList;
			buildConfigurations = (
				AE6F4F321F92DB280085EFB1 /* Debug */,
				AE6F4F331F92DB280085EFB1 /* Release */,
			);
			defaultConfigurationIsVisible = 0;
			defaultConfigurationName = Release;
		};
		AE6F4F341F92DB280085EFB1 /* Build configuration list for PBXNativeTarget "todosTests" */ = {
			isa = XCConfigurationList;
			buildConfigurations = (
				AE6F4F351F92DB280085EFB1 /* Debug */,
				AE6F4F361F92DB280085EFB1 /* Release */,
			);
			defaultConfigurationIsVisible = 0;
			defaultConfigurationName = Release;
		};
		AE6F4F371F92DB280085EFB1 /* Build configuration list for PBXNativeTarget "todosUITests" */ = {
			isa = XCConfigurationList;
			buildConfigurations = (
				AE6F4F381F92DB280085EFB1 /* Debug */,
				AE6F4F391F92DB280085EFB1 /* Release */,
			);
			defaultConfigurationIsVisible = 0;
			defaultConfigurationName = Release;
		};
/* End XCConfigurationList section */
	};
	rootObject = AE6F4F011F92DB280085EFB1 /* Project object */;
}
